
Microsoft Visual Studio Solution File, Format Version 12.00
# Visual Studio Version 17
VisualStudioVersion = 17.2.32526.322
MinimumVisualStudioVersion = 10.0.40219.1
Project("{FAE04EC0-301F-11D3-BF4B-00C04F79EFBC}") = "ExtrusionSketch", "ExtrusionSketch.csproj", "{66ADD968-937B-4725-8D7B-B0B0C204EEFE}"
EndProject
Global
	GlobalSection(SolutionConfigurationPlatforms) = preSolution
		Debug|Any CPU = Debug|Any CPU
		Release|Any CPU = Release|Any CPU
	EndGlobalSection
	GlobalSection(ProjectConfigurationPlatforms) = postSolution
		{66ADD968-937B-4725-8D7B-B0B0C204EEFE}.Debug|Any CPU.ActiveCfg = Debug|Any CPU
		{66ADD968-937B-4725-8D7B-B0B0C204EEFE}.Debug|Any CPU.Build.0 = Debug|Any CPU
		{66ADD968-937B-4725-8D7B-B0B0C204EEFE}.Release|Any CPU.ActiveCfg = Release|Any CPU
		{66ADD968-937B-4725-8D7B-B0B0C204EEFE}.Release|Any CPU.Build.0 = Release|Any CPU
	EndGlobalSection
	GlobalSection(SolutionProperties) = preSolution
		HideSolutionNode = FALSE
	EndGlobalSection
	GlobalSection(ExtensibilityGlobals) = postSolution
		SolutionGuid = {9D240718-1AE8-432A-93AC-A899E682F49E}
	EndGlobalSection
EndGlobal
